
Microsoft Visual Studio Solution File, Format Version 12.00
# Visual Studio Version 16
VisualStudioVersion = 16.0.30717.126
MinimumVisualStudioVersion = 10.0.40219.1
Project("{FAE04EC0-301F-11D3-BF4B-00C04F79EFBC}") = "Metoder opg 1.3 H1", "Metoder opg 1.3 H1\Metoder opg 1.3 H1.csproj", "{CDDB0912-3E19-49C4-8E1C-203F100038CC}"
EndProject
Global
	GlobalSection(SolutionConfigurationPlatforms) = preSolution
		Debug|Any CPU = Debug|Any CPU
		Release|Any CPU = Release|Any CPU
	EndGlobalSection
	GlobalSection(ProjectConfigurationPlatforms) = postSolution
		{CDDB0912-3E19-49C4-8E1C-203F100038CC}.Debug|Any CPU.ActiveCfg = Debug|Any CPU
		{CDDB0912-3E19-49C4-8E1C-203F100038CC}.Debug|Any CPU.Build.0 = Debug|Any CPU
		{CDDB0912-3E19-49C4-8E1C-203F100038CC}.Release|Any CPU.ActiveCfg = Release|Any CPU
		{CDDB0912-3E19-49C4-8E1C-203F100038CC}.Release|Any CPU.Build.0 = Release|Any CPU
	EndGlobalSection
	GlobalSection(SolutionProperties) = preSolution
		HideSolutionNode = FALSE
	EndGlobalSection
	GlobalSection(ExtensibilityGlobals) = postSolution
		SolutionGuid = {54328630-F3E3-4789-BC75-9956EE8D1A9C}
	EndGlobalSection
EndGlobal
